PODS:
  - Ads-Global (7.9.0.8):
    - Ads-Global/BUAdSDK (= 7.9.0.8)
  - Ads-Global/BUAdSDK (7.9.0.8):
    - Ads-Global/PangleSDK
    - Ads-Global/TikTokBusinessSDK
  - Ads-Global/PangleSDK (7.9.0.8)
  - Ads-Global/TikTokBusinessSDK (7.9.0.8)
  - AppLovinSDK (13.6.2)
  - FBAudienceNetwork (6.21.1)
  - Flutter (1.0.0)
  - Fyber_Marketplace_SDK (8.4.6)
  - gma_mediation_applovin (2.6.1):
    - Flutter
    - GoogleMobileAdsMediationAppLovin (~> 13.6.2.0)
  - gma_mediation_dtexchange (1.3.4):
    - Flutter
    - GoogleMobileAdsMediationFyber (~> 8.4.6.0)
  - gma_mediation_inmobi (2.1.0):
    - Flutter
    - GoogleMobileAdsMediationInMobi (~> 11.2.0.0)
  - gma_mediation_ironsource (2.4.1):
    - Flutter
    - GoogleMobileAdsMediationIronSource (~> 9.4.1.0.0)
  - gma_mediation_liftoffmonetize (1.5.0):
    - Flutter
    - GoogleMobileAdsMediationVungle (~> 7.7.1.0)
  - gma_mediation_meta (1.5.2):
    - Flutter
    - GoogleMobileAdsMediationFacebook (~> 6.21.1.0)
  - gma_mediation_mintegral (2.1.0):
    - Flutter
    - GoogleMobileAdsMediationMintegral (~> 8.1.1.0)
  - gma_mediation_moloco (3.4.0):
    - Flutter
    - GoogleMobileAdsMediationMoloco (~> 4.5.1.0)
  - gma_mediation_pangle (3.6.0):
    - Flutter
    - GoogleMobileAdsMediationPangle (~> 7.9.0.8.0)
  - gma_mediation_unity (1.8.0):
    - Flutter
    - GoogleMobileAdsMediationUnity (~> 4.18.0.0)
  - Google-Mobile-Ads-SDK (13.2.0):
    - GoogleUserMessagingPlatform (>= 1.1)
  - google_mobile_ads (8.0.0):
    - Flutter
    - Google-Mobile-Ads-SDK (~> 13.2.0)
    - webview_flutter_wkwebview
  - GoogleMobileAdsMediationAppLovin (13.6.2.0):
    - AppLovinSDK (= 13.6.2)
    - Google-Mobile-Ads-SDK (~> 13.0)
  - GoogleMobileAdsMediationFacebook (6.21.1.0):
    - FBAudienceNetwork (= 6.21.1)
    - Google-Mobile-Ads-SDK (~> 13.0)
  - GoogleMobileAdsMediationFyber (8.4.6.0):
    - Fyber_Marketplace_SDK (= 8.4.6)
    - Google-Mobile-Ads-SDK (~> 13.0)
  - GoogleMobileAdsMediationInMobi (11.2.0.0):
    - Google-Mobile-Ads-SDK (~> 13.0)
    - InMobiSDK (= 11.2.0)
  - GoogleMobileAdsMediationIronSource (9.4.1.0.0):
    - Google-Mobile-Ads-SDK (~> 13.0)
    - IronSourceSDK (= 9.4.1.0)
  - GoogleMobileAdsMediationMintegral (8.1.1.0):
    - Google-Mobile-Ads-SDK (~> 13.0)
    - MintegralAdSDK/All (= 8.1.1)
  - GoogleMobileAdsMediationMoloco (4.5.1.0):
    - Google-Mobile-Ads-SDK (~> 13.0)
    - MolocoSDKiOS (= 4.5.1)
  - GoogleMobileAdsMediationPangle (7.9.0.8.0):
    - Ads-Global (= 7.9.0.8)
    - Google-Mobile-Ads-SDK (~> 13.0)
  - GoogleMobileAdsMediationUnity (4.18.0.0):
    - Google-Mobile-Ads-SDK (~> 13.0)
    - UnityAds (= 4.18.0)
  - GoogleMobileAdsMediationVungle (7.7.1.0):
    - Google-Mobile-Ads-SDK (~> 13.0)
    - VungleAds (= 7.7.1)
  - GoogleUserMessagingPlatform (3.1.0)
  - InMobiSDK (11.2.0)
  - IronSourceAdQualitySDK (9.5.1)
  - IronSourceSDK (9.4.1.0):
    - IronSourceSDK/AdQuality (= 9.4.1.0)
    - IronSourceSDK/Ads (= 9.4.1.0)
  - IronSourceSDK/AdQuality (9.4.1.0):
    - IronSourceAdQualitySDK (~> 9.5.0)
  - IronSourceSDK/Ads (9.4.1.0)
  - MintegralAdSDK/All (8.1.1):
    - MintegralAdSDK/BannerAd
    - MintegralAdSDK/BidNativeAd
    - MintegralAdSDK/InterstitialVideoAd
    - MintegralAdSDK/NativeAd
    - MintegralAdSDK/NativeAdvancedAd
    - MintegralAdSDK/NewInterstitialAd
    - MintegralAdSDK/RewardVideoAd
    - MintegralAdSDK/SplashAd
  - MintegralAdSDK/BannerAd (8.1.1):
    - MintegralAdSDK/NativeAd
  - MintegralAdSDK/BidNativeAd (8.1.1):
    - MintegralAdSDK/NativeAd
  - MintegralAdSDK/InterstitialVideoAd (8.1.1):
    - MintegralAdSDK/NativeAd
  - MintegralAdSDK/NativeAd (8.1.1)
  - MintegralAdSDK/NativeAdvancedAd (8.1.1):
    - MintegralAdSDK/NativeAd
  - MintegralAdSDK/NewInterstitialAd (8.1.1):
    - MintegralAdSDK/InterstitialVideoAd
    - MintegralAdSDK/NativeAd
  - MintegralAdSDK/RewardVideoAd (8.1.1):
    - MintegralAdSDK/NativeAd
  - MintegralAdSDK/SplashAd (8.1.1):
    - MintegralAdSDK/NativeAd
  - MolocoSDKiOS (4.5.1)
  - shared_preferences_foundation (0.0.1):
    - Flutter
    - FlutterMacOS
  - UnityAds (4.18.0):
    - IronSourceAdQualitySDK (< 10.0.0)
  - VungleAds (7.7.1)
  - webview_flutter_wkwebview (0.0.1):
    - Flutter
    - FlutterMacOS

DEPENDENCIES:
  - Flutter (from `Flutter`)
  - gma_mediation_applovin (from `.symlinks/plugins/gma_mediation_applovin/ios`)
  - gma_mediation_dtexchange (from `.symlinks/plugins/gma_mediation_dtexchange/ios`)
  - gma_mediation_inmobi (from `.symlinks/plugins/gma_mediation_inmobi/ios`)
  - gma_mediation_ironsource (from `.symlinks/plugins/gma_mediation_ironsource/ios`)
  - gma_mediation_liftoffmonetize (from `.symlinks/plugins/gma_mediation_liftoffmonetize/ios`)
  - gma_mediation_meta (from `.symlinks/plugins/gma_mediation_meta/ios`)
  - gma_mediation_mintegral (from `.symlinks/plugins/gma_mediation_mintegral/ios`)
  - gma_mediation_moloco (from `.symlinks/plugins/gma_mediation_moloco/ios`)
  - gma_mediation_pangle (from `.symlinks/plugins/gma_mediation_pangle/ios`)
  - gma_mediation_unity (from `.symlinks/plugins/gma_mediation_unity/ios`)
  - google_mobile_ads (from `.symlinks/plugins/google_mobile_ads/ios`)
  - shared_preferences_foundation (from `.symlinks/plugins/shared_preferences_foundation/darwin`)
  - webview_flutter_wkwebview (from `.symlinks/plugins/webview_flutter_wkwebview/darwin`)

SPEC REPOS:
  trunk:
    - Ads-Global
    - AppLovinSDK
    - FBAudienceNetwork
    - Fyber_Marketplace_SDK
    - Google-Mobile-Ads-SDK
    - GoogleMobileAdsMediationAppLovin
    - GoogleMobileAdsMediationFacebook
    - GoogleMobileAdsMediationFyber
    - GoogleMobileAdsMediationInMobi
    - GoogleMobileAdsMediationIronSource
    - GoogleMobileAdsMediationMintegral
    - GoogleMobileAdsMediationMoloco
    - GoogleMobileAdsMediationPangle
    - GoogleMobileAdsMediationUnity
    - GoogleMobileAdsMediationVungle
    - GoogleUserMessagingPlatform
    - InMobiSDK
    - IronSourceAdQualitySDK
    - IronSourceSDK
    - MintegralAdSDK
    - MolocoSDKiOS
    - UnityAds
    - VungleAds

EXTERNAL SOURCES:
  Flutter:
    :path: Flutter
  gma_mediation_applovin:
    :path: ".symlinks/plugins/gma_mediation_applovin/ios"
  gma_mediation_dtexchange:
    :path: ".symlinks/plugins/gma_mediation_dtexchange/ios"
  gma_mediation_inmobi:
    :path: ".symlinks/plugins/gma_mediation_inmobi/ios"
  gma_mediation_ironsource:
    :path: ".symlinks/plugins/gma_mediation_ironsource/ios"
  gma_mediation_liftoffmonetize:
    :path: ".symlinks/plugins/gma_mediation_liftoffmonetize/ios"
  gma_mediation_meta:
    :path: ".symlinks/plugins/gma_mediation_meta/ios"
  gma_mediation_mintegral:
    :path: ".symlinks/plugins/gma_mediation_mintegral/ios"
  gma_mediation_moloco:
    :path: ".symlinks/plugins/gma_mediation_moloco/ios"
  gma_mediation_pangle:
    :path: ".symlinks/plugins/gma_mediation_pangle/ios"
  gma_mediation_unity:
    :path: ".symlinks/plugins/gma_mediation_unity/ios"
  google_mobile_ads:
    :path: ".symlinks/plugins/google_mobile_ads/ios"
  shared_preferences_foundation:
    :path: ".symlinks/plugins/shared_preferences_foundation/darwin"
  webview_flutter_wkwebview:
    :path: ".symlinks/plugins/webview_flutter_wkwebview/darwin"

SPEC CHECKSUMS:
  Ads-Global: b21f686881cc572879a107860aaab40c811e60a0
  AppLovinSDK: 91a47db42b6c0e2b83224006aa46b0b88c62c16f
  FBAudienceNetwork: 85d18a65c9e35bc426bd4664cf3ae2a1172d7b60
  Flutter: cabc95a1d2626b1b06e7179b784ebcf0c0cde467
  Fyber_Marketplace_SDK: cedfa90cc2da9e549de1b8134965abb63bb8cf67
  gma_mediation_applovin: af95032eed0b379a27dd279cbc3581af3a2bc95e
  gma_mediation_dtexchange: 1b472b948292c9a9b12b5736ce8e2492fa0dcb31
  gma_mediation_inmobi: a07d50fe59451b05c8d952df7370027e83bd41d1
  gma_mediation_ironsource: bc96c3cc3910855c761c66e96b37b89f1bd7bd43
  gma_mediation_liftoffmonetize: ad8ed366bd36ae6836bd70a66239ad085fa3c293
  gma_mediation_meta: cfa5493a4d585032e7789848190d320090c71709
  gma_mediation_mintegral: 555a0b6a0c6de9b412597e68ea34258552680eed
  gma_mediation_moloco: a4a37833f3902fe5f9278ad8f1188809d74c0155
  gma_mediation_pangle: 2cbfe519eeb63abacb747942de6550b247138dd7
  gma_mediation_unity: 1eac6402f4744dd21704d029e4f5afaeb4a9b458
  Google-Mobile-Ads-SDK: f0365e190d66539c65cea8ded43e2c367abb5477
  google_mobile_ads: fc71399df4ee37c5637400f351898ee22543f75b
  GoogleMobileAdsMediationAppLovin: b32db78894088699b8261c2050228c603c7236c5
  GoogleMobileAdsMediationFacebook: c28fe93a3e6ba02c3a7e09fa9c45682ad9b1e9c6
  GoogleMobileAdsMediationFyber: bdaa82e3d1ff6b926b58cb8c533d0db959a3d1ef
  GoogleMobileAdsMediationInMobi: 8f9ba1e28443db50f07ff032741394470f93a3a5
  GoogleMobileAdsMediationIronSource: 01656af1b7d2eba4fbf74d6f63ce0a8ca085fc17
  GoogleMobileAdsMediationMintegral: f78198e146a3298b407f7b7a90db15cca67a64e3
  GoogleMobileAdsMediationMoloco: 7449a6ca7df3cff266518bb0e54de39c13e7cf51
  GoogleMobileAdsMediationPangle: 8b526049bd6044732c40f3f3989f8daadfd80a32
  GoogleMobileAdsMediationUnity: edf6aecc0442a304d7ed171c6516f00657cc3a05
  GoogleMobileAdsMediationVungle: df7b3962f0e9afab104f985a35153dfa4f0e9df8
  GoogleUserMessagingPlatform: befe603da6501006420c206222acd449bba45a9c
  InMobiSDK: 07312ef7eff433d72e8a0f06ef7b50685b3e2ca5
  IronSourceAdQualitySDK: d3f89c7eb4afc6b6c45fc3d83d64789a9977148f
  IronSourceSDK: d12f8939bf36dd4e28bb4f6134bcde9a53af15db
  MintegralAdSDK: 4325769f93ef336237799b5fb455335985fbc8b7
  MolocoSDKiOS: e13d9d8b147a51d3f6dadb4121aedb3f2f53ca68
  shared_preferences_foundation: 7036424c3d8ec98dfe75ff1667cb0cd531ec82bb
  UnityAds: 841571b44ea0c0adff40fabf2112f3c4a96a5db6
  VungleAds: c1f0dd0d8531b200b9f6a3f78e292ded75540eae
  webview_flutter_wkwebview: 8ebf4fded22593026f7dbff1fbff31ea98573c8d

PODFILE CHECKSUM: 7735257b56f62958ea35056bc082f082b36015d2

COCOAPODS: 1.16.2
